<?xml version="1.0" encoding="UTF-8" standalone="yes" ?>
<CodeBlocks_project_file>
	<FileVersion major="1" minor="6" />
	<Project>
		<Option title="quantica" />
		<Option makefile_is_custom="1" />
		<Option execution_dir="../../quantica" />
		<Option pch_mode="2" />
		<Option compiler="gcc" />
		<Build>
			<Target title="debug">
				<Option output="../bin/quantica" prefix_auto="1" extension_auto="1" />
				<Option working_dir="../bin/" />
				<Option type="1" />
				<Option compiler="gcc" />
				<Option use_console_runner="0" />
				<Option parameters="-f" />
				<Compiler>
					<Add option="-Wextra" />
					<Add option="-Wall" />
					<Add option="-g" />
					<Add option="-D_LARGEFILE64_SOURCE" />
					<Add option="-DDEBUG" />
					<Add directory="include" />
				</Compiler>
				<Linker>
					<Add library="rt" />
				</Linker>
				<ExtraCommands>
					<Add before="rm -rf bin/*" />
				</ExtraCommands>
			</Target>
			<Target title="test">
				<Option output="../bin/quantica_test" prefix_auto="1" extension_auto="1" />
				<Option working_dir="../bin/" />
				<Option type="1" />
				<Option compiler="gcc" />
				<Compiler>
					<Add option="-Wfatal-errors" />
					<Add option="-Wextra" />
					<Add option="-Wall" />
					<Add option="-g" />
					<Add option="-D_LARGEFILE64_SOURCE" />
					<Add option="-DTEST" />
					<Add directory="include" />
				</Compiler>
				<Linker>
					<Add library="rt" />
				</Linker>
			</Target>
			<Target title="release">
				<Option output="../bin/quantica" prefix_auto="1" extension_auto="1" />
				<Option working_dir="../bin/" />
				<Option type="1" />
				<Option compiler="gcc" />
				<Compiler>
					<Add option="-O2" />
					<Add option="-D_LARGEFILE64_SOURCE" />
				</Compiler>
				<Linker>
					<Add option="-s" />
					<Add library="rt" />
				</Linker>
			</Target>
		</Build>
		<Compiler>
			<Add option="-Wall" />
		</Compiler>
		<Unit filename="../Makefile" />
		<Unit filename="../include/common.h" />
		<Unit filename="../include/config.h" />
		<Unit filename="../include/error.h" />
		<Unit filename="../include/log.h" />
		<Unit filename="../src/aes.c">
			<Option compilerVar="CC" />
		</Unit>
		<Unit filename="../src/aes.h" />
		<Unit filename="../src/arc4random.c">
			<Option compilerVar="CC" />
		</Unit>
		<Unit filename="../src/arc4random.h" />
		<Unit filename="../src/base64.c">
			<Option compilerVar="CC" />
		</Unit>
		<Unit filename="../src/base64.h" />
		<Unit filename="../src/bootstrap.c">
			<Option compilerVar="CC" />
		</Unit>
		<Unit filename="../src/bootstrap.h" />
		<Unit filename="../src/common.c">
			<Option compilerVar="CC" />
		</Unit>
		<Unit filename="../src/core.c">
			<Option compilerVar="CC" />
		</Unit>
		<Unit filename="../src/core.h" />
		<Unit filename="../src/crc32.c">
			<Option compilerVar="CC" />
		</Unit>
		<Unit filename="../src/crc32.h" />
		<Unit filename="../src/dstype.c">
			<Option compilerVar="CC" />
		</Unit>
		<Unit filename="../src/dstype.h" />
		<Unit filename="../src/engine.c">
			<Option compilerVar="CC" />
		</Unit>
		<Unit filename="../src/engine.h" />
		<Unit filename="../src/hashtable.c">
			<Option compilerVar="CC" />
		</Unit>
		<Unit filename="../src/hashtable.h" />
		<Unit filename="../src/itoa.c">
			<Option compilerVar="CC" />
		</Unit>
		<Unit filename="../src/json_check.c">
			<Option compilerVar="CC" />
		</Unit>
		<Unit filename="../src/json_check.h" />
		<Unit filename="../src/json_encode.c">
			<Option compilerVar="CC" />
		</Unit>
		<Unit filename="../src/json_encode.h" />
		<Unit filename="../src/json_parse.c">
			<Option compilerVar="CC" />
		</Unit>
		<Unit filename="../src/json_parse.h" />
		<Unit filename="../src/log.c">
			<Option compilerVar="CC" />
		</Unit>
		<Unit filename="../src/main.c">
			<Option compilerVar="CC" />
		</Unit>
		<Unit filename="../src/md5.c">
			<Option compilerVar="CC" />
		</Unit>
		<Unit filename="../src/md5.h" />
		<Unit filename="../src/quantica.cfg" />
		<Unit filename="../src/quid.c">
			<Option compilerVar="CC" />
		</Unit>
		<Unit filename="../src/quid.h" />
		<Unit filename="../src/sha1.c">
			<Option compilerVar="CC" />
		</Unit>
		<Unit filename="../src/sha1.h" />
		<Unit filename="../src/sha256.c">
			<Option compilerVar="CC" />
		</Unit>
		<Unit filename="../src/sha256.h" />
		<Unit filename="../src/slay.c">
			<Option compilerVar="CC" />
		</Unit>
		<Unit filename="../src/slay.h" />
		<Unit filename="../src/strdup.c">
			<Option compilerVar="CC" />
		</Unit>
		<Unit filename="../src/stresc.c">
			<Option compilerVar="CC" />
		</Unit>
		<Unit filename="../src/strlcat.c">
			<Option compilerVar="CC" />
		</Unit>
		<Unit filename="../src/strlcpy.c">
			<Option compilerVar="CC" />
		</Unit>
		<Unit filename="../src/time.c">
			<Option compilerVar="CC" />
		</Unit>
		<Unit filename="../src/time.h" />
		<Unit filename="../src/webapi.c">
			<Option compilerVar="CC" />
		</Unit>
		<Unit filename="../src/webapi.h" />
		<Unit filename="../src/zmalloc.c">
			<Option compilerVar="CC" />
		</Unit>
		<Unit filename="../src/zmalloc.h" />
		<Unit filename="../test/benchmark-engine.c">
			<Option compilerVar="CC" />
		</Unit>
		<Unit filename="../test/benchmark-quid.c">
			<Option compilerVar="CC" />
		</Unit>
		<Unit filename="../test/runner.c">
			<Option compilerVar="CC" />
		</Unit>
		<Unit filename="../test/test-aes.c">
			<Option compilerVar="CC" />
		</Unit>
		<Unit filename="../test/test-base64.c">
			<Option compilerVar="CC" />
		</Unit>
		<Unit filename="../test/test-bootstrap.c">
			<Option compilerVar="CC" />
		</Unit>
		<Unit filename="../test/test-crc32.c">
			<Option compilerVar="CC" />
		</Unit>
		<Unit filename="../test/test-engine.c">
			<Option compilerVar="CC" />
		</Unit>
		<Unit filename="../test/test-json_check.c">
			<Option compilerVar="CC" />
		</Unit>
		<Unit filename="../test/test-list.h" />
		<Unit filename="../test/test-md5.c">
			<Option compilerVar="CC" />
		</Unit>
		<Unit filename="../test/test-quid.c">
			<Option compilerVar="CC" />
		</Unit>
		<Unit filename="../test/test-sha1.c">
			<Option compilerVar="CC" />
		</Unit>
		<Unit filename="../test/test-sha256.c">
			<Option compilerVar="CC" />
		</Unit>
		<Unit filename="../test/test.h" />
		<Extensions>
			<code_completion />
			<debugger />
			<envvars />
		</Extensions>
	</Project>
</CodeBlocks_project_file>
